
Microsoft Visual Studio Solution File, Format Version 12.00
# Visual Studio Version 17
VisualStudioVersion = 17.2.32519.379
MinimumVisualStudioVersion = 10.0.40219.1
Project("{FAE04EC0-301F-11D3-BF4B-00C04F79EFBC}") = "PryCantallopsIE", "PryCantallopsIE.csproj", "{6EA2308C-7C20-482E-B36A-F3DE66331E66}"
EndProject
Global
	GlobalSection(SolutionConfigurationPlatforms) = preSolution
		Debug|Any CPU = Debug|Any CPU
		Release|Any CPU = Release|Any CPU
	EndGlobalSection
	GlobalSection(ProjectConfigurationPlatforms) = postSolution
		{6EA2308C-7C20-482E-B36A-F3DE66331E66}.Debug|Any CPU.ActiveCfg = Debug|Any CPU
		{6EA2308C-7C20-482E-B36A-F3DE66331E66}.Debug|Any CPU.Build.0 = Debug|Any CPU
		{6EA2308C-7C20-482E-B36A-F3DE66331E66}.Release|Any CPU.ActiveCfg = Release|Any CPU
		{6EA2308C-7C20-482E-B36A-F3DE66331E66}.Release|Any CPU.Build.0 = Release|Any CPU
	EndGlobalSection
	GlobalSection(SolutionProperties) = preSolution
		HideSolutionNode = FALSE
	EndGlobalSection
	GlobalSection(ExtensibilityGlobals) = postSolution
		SolutionGuid = {42F806F1-C3F1-4068-8A9E-E94B55A995DB}
	EndGlobalSection
EndGlobal
